Microsoft Visual Studio Solution File, Format Version 8.00
Project("{F184B08F-C81C-45F6-A57F-5ABD9991F28F}") = "RalphTicTacToe", "RalphTicTacToe.vbproj", "{0F525758-FFD4-478C-A27F-C1E95BA01C7B}"
	ProjectSection(ProjectDependencies) = postProject
	EndProjectSection
EndProject
Global
	GlobalSection(SolutionConfiguration) = preSolution
		Debug = Debug
		Release = Release
	EndGlobalSection
	GlobalSection(ProjectConfiguration) = postSolution
		{0F525758-FFD4-478C-A27F-C1E95BA01C7B}.Debug.ActiveCfg = Debug|.NET
		{0F525758-FFD4-478C-A27F-C1E95BA01C7B}.Debug.Build.0 = Debug|.NET
		{0F525758-FFD4-478C-A27F-C1E95BA01C7B}.Release.ActiveCfg = Release|.NET
		{0F525758-FFD4-478C-A27F-C1E95BA01C7B}.Release.Build.0 = Release|.NET
	EndGlobalSection
	GlobalSection(ExtensibilityGlobals) = postSolution
	EndGlobalSection
	GlobalSection(ExtensibilityAddIns) = postSolution
	EndGlobalSection
EndGlobal
